// !$*UTF8*$!
{
	archiveVersion = 1;
	classes = {
	};
	objectVersion = 46;
	objects = {

/* Begin PBXBuildFile section */
		A7FB34081A578AD90016001C /* AppDelegate.swift in Sources */ = {isa = PBXBuildFile; fileRef = A7FB34071A578AD90016001C /* AppDelegate.swift */; };
		A7FB340A1A578AD90016001C /* ViewController.swift in Sources */ = {isa = PBXBuildFile; fileRef = A7FB34091A578AD90016001C /* ViewController.swift */; };
		A7FB340D1A578AD90016001C /* Main.storyboard in Resources */ = {isa = PBXBuildFile; fileRef = A7FB340B1A578AD90016001C /* Main.storyboard */; };
		A7FB340F1A578AD90016001C /* Images.xcassets in Resources */ = {isa = PBXBuildFile; fileRef = A7FB340E1A578AD90016001C /* Images.xcassets */; };
		A7FB34121A578AD90016001C /* LaunchScreen.xib in Resources */ = {isa = PBXBuildFile; fileRef = A7FB34101A578AD90016001C /* LaunchScreen.xib */; };
		A7FB341E1A578ADA0016001C /* InterfaceExampleTests.swift in Sources */ = {isa = PBXBuildFile; fileRef = A7FB341D1A578ADA0016001C /* InterfaceExampleTests.swift */; };
/* End PBXBuildFile section */

/* Begin PBXContainerItemProxy section */
		A7FB34181A578ADA0016001C /* PBXContainerItemProxy */ = {
			isa = PBXContainerItemProxy;
			containerPortal = A7FB33FA1A578AD90016001C /* Project object */;
			proxyType = 1;
			remoteGlobalIDString = A7FB34011A578AD90016001C;
			remoteInfo = InterfaceExample;
		};
/* End PBXContainerItemProxy section */

/* Begin PBXFileReference section */
		A7FB34021A578AD90016001C /* InterfaceExample.app */ = {isa = PBXFileReference; explicitFileType = wrapper.application; includeInIndex = 0; path = InterfaceExample.app; sourceTree = BUILT_PRODUCTS_DIR; };
		A7FB34061A578AD90016001C /* Info.plist */ = {isa = PBXFileReference; lastKnownFileType = text.plist.xml; path = Info.plist; sourceTree = "<group>"; };
		A7FB34071A578AD90016001C /* AppDelegate.swift */ = {isa = PBXFileReference; lastKnownFileType = sourcecode.swift; path = AppDelegate.swift; sourceTree = "<group>"; };
		A7FB34091A578AD90016001C /* ViewController.swift */ = {isa = PBXFileReference; lastKnownFileType = sourcecode.swift; path = ViewController.swift; sourceTree = "<group>"; };
		A7FB340C1A578AD90016001C /* Base */ = {isa = PBXFileReference; lastKnownFileType = file.storyboard; name = Base; path = Base.lproj/Main.storyboard; sourceTree = "<group>"; };
		A7FB340E1A578AD90016001C /* Images.xcassets */ = {isa = PBXFileReference; lastKnownFileType = folder.assetcatalog; path = Images.xcassets; sourceTree = "<group>"; };
		A7FB34111A578AD90016001C /* Base */ = {isa = PBXFileReference; lastKnownFileType = file.xib; name = Base; path = Base.lproj/LaunchScreen.xib; sourceTree = "<group>"; };
		A7FB34171A578ADA0016001C /* InterfaceExampleTests.xctest */ = {isa = PBXFileReference; explicitFileType = wrapper.cfbundle; includeInIndex = 0; path = InterfaceExampleTests.xctest; sourceTree = BUILT_PRODUCTS_DIR; };
		A7FB341C1A578ADA0016001C /* Info.plist */ = {isa = PBXFileReference; lastKnownFileType = text.plist.xml; path = Info.plist; sourceTree = "<group>"; };
		A7FB341D1A578ADA0016001C /* InterfaceExampleTests.swift */ = {isa = PBXFileReference; lastKnownFileType = sourcecode.swift; path = InterfaceExampleTests.swift; sourceTree = "<group>"; };
/* End PBXFileReference section */

/* Begin PBXFrameworksBuildPhase section */
		A7FB33FF1A578AD90016001C /* Frameworks */ = {
			isa = PBXFrameworksBuildPhase;
			buildActionMask = 2147483647;
			files = (
			);
			runOnlyForDeploymentPostprocessing = 0;
		};
		A7FB34141A578ADA0016001C /* Frameworks */ = {
			isa = PBXFrameworksBuildPhase;
			buildActionMask = 2147483647;
			files = (
			);
			runOnlyForDeploymentPostprocessing = 0;
		};
/* End PBXFrameworksBuildPhase section */

/* Begin PBXGroup section */
		A7FB33F91A578AD90016001C = {
			isa = PBXGroup;
			children = (
				A7FB34041A578AD90016001C /* InterfaceExample */,
				A7FB341A1A578ADA0016001C /* InterfaceExampleTests */,
				A7FB34031A578AD90016001C /* Products */,
			);
			sourceTree = "<group>";
		};
		A7FB34031A578AD90016001C /* Products */ = {
			isa = PBXGroup;
			children = (
				A7FB34021A578AD90016001C /* InterfaceExample.app */,
				A7FB34171A578ADA0016001C /* InterfaceExampleTests.xctest */,
			);
			name = Products;
			sourceTree = "<group>";
		};
		A7FB34041A578AD90016001C /* InterfaceExample */ = {
			isa = PBXGroup;
			children = (
				A7FB34071A578AD90016001C /* AppDelegate.swift */,
				A7FB34091A578AD90016001C /* ViewController.swift */,
				A7FB340B1A578AD90016001C /* Main.storyboard */,
				A7FB340E1A578AD90016001C /* Images.xcassets */,
				A7FB34101A578AD90016001C /* LaunchScreen.xib */,
				A7FB34051A578AD90016001C /* Supporting Files */,
			);
			path = InterfaceExample;
			sourceTree = "<group>";
		};
		A7FB34051A578AD90016001C /* Supporting Files */ = {
			isa = PBXGroup;
			children = (
				A7FB34061A578AD90016001C /* Info.plist */,
			);
			name = "Supporting Files";
			sourceTree = "<group>";
		};
		A7FB341A1A578ADA0016001C /* InterfaceExampleTests */ = {
			isa = PBXGroup;
			children = (
				A7FB341D1A578ADA0016001C /* InterfaceExampleTests.swift */,
				A7FB341B1A578ADA0016001C /* Supporting Files */,
			);
			path = InterfaceExampleTests;
			sourceTree = "<group>";
		};
		A7FB341B1A578ADA0016001C /* Supporting Files */ = {
			isa = PBXGroup;
			children = (
				A7FB341C1A578ADA0016001C /* Info.plist */,
			);
			name = "Supporting Files";
			sourceTree = "<group>";
		};
/* End PBXGroup section */

/* Begin PBXNativeTarget section */
		A7FB34011A578AD90016001C /* InterfaceExample */ = {
			isa = PBXNativeTarget;
			buildConfigurationList = A7FB34211A578ADA0016001C /* Build configuration list for PBXNativeTarget "InterfaceExample" */;
			buildPhases = (
				A7FB33FE1A578AD90016001C /* Sources */,
				A7FB33FF1A578AD90016001C /* Frameworks */,
				A7FB34001A578AD90016001C /* Resources */,
			);
			buildRules = (
			);
			dependencies = (
			);
			name = InterfaceExample;
			productName = InterfaceExample;
			productReference = A7FB34021A578AD90016001C /* InterfaceExample.app */;
			productType = "com.apple.product-type.application";
		};
		A7FB34161A578ADA0016001C /* InterfaceExampleTests */ = {
			isa = PBXNativeTarget;
			buildConfigurationList = A7FB34241A578ADA0016001C /* Build configuration list for PBXNativeTarget "InterfaceExampleTests" */;
			buildPhases = (
				A7FB34131A578ADA0016001C /* Sources */,
				A7FB34141A578ADA0016001C /* Frameworks */,
				A7FB34151A578ADA0016001C /* Resources */,
			);
			buildRules = (
			);
			dependencies = (
				A7FB34191A578ADA0016001C /* PBXTargetDependency */,
			);
			name = InterfaceExampleTests;
			productName = InterfaceExampleTests;
			productReference = A7FB34171A578ADA0016001C /* InterfaceExampleTests.xctest */;
			productType = "com.apple.product-type.bundle.unit-test";
		};
/* End PBXNativeTarget section */

/* Begin PBXProject section */
		A7FB33FA1A578AD90016001C /* Project object */ = {
			isa = PBXProject;
			attributes = {
				LastUpgradeCheck = 0610;
				ORGANIZATIONNAME = Yosemite;
				TargetAttributes = {
					A7FB34011A578AD90016001C = {
						CreatedOnToolsVersion = 6.1.1;
					};
					A7FB34161A578ADA0016001C = {
						CreatedOnToolsVersion = 6.1.1;
						TestTargetID = A7FB34011A578AD90016001C;
					};
				};
			};
			buildConfigurationList = A7FB33FD1A578AD90016001C /* Build configuration list for PBXProject "InterfaceExample" */;
			compatibilityVersion = "Xcode 3.2";
			developmentRegion = English;
			hasScannedForEncodings = 0;
			knownRegions = (
				en,
				Base,
			);
			mainGroup = A7FB33F91A578AD90016001C;
			productRefGroup = A7FB34031A578AD90016001C /* Products */;
			projectDirPath = "";
			projectRoot = "";
			targets = (
				A7FB34011A578AD90016001C /* InterfaceExample */,
				A7FB34161A578ADA0016001C /* InterfaceExampleTests */,
			);
		};
/* End PBXProject section */

/* Begin PBXResourcesBuildPhase section */
		A7FB34001A578AD90016001C /* Resources */ = {
			isa = PBXResourcesBuildPhase;
			buildActionMask = 2147483647;
			files = (
				A7FB340D1A578AD90016001C /* Main.storyboard in Resources */,
				A7FB34121A578AD90016001C /* LaunchScreen.xib in Resources */,
				A7FB340F1A578AD90016001C /* Images.xcassets in Resources */,
			);
			runOnlyForDeploymentPostprocessing = 0;
		};
		A7FB34151A578ADA0016001C /* Resources */ = {
			isa = PBXResourcesBuildPhase;
			buildActionMask = 2147483647;
			files = (
			);
			runOnlyForDeploymentPostprocessing = 0;
		};
/* End PBXResourcesBuildPhase section */

/* Begin PBXSourcesBuildPhase section */
		A7FB33FE1A578AD90016001C /* Sources */ = {
			isa = PBXSourcesBuildPhase;
			buildActionMask = 2147483647;
			files = (
				A7FB340A1A578AD90016001C /* ViewController.swift in Sources */,
				A7FB34081A578AD90016001C /* AppDelegate.swift in Sources */,
			);
			runOnlyForDeploymentPostprocessing = 0;
		};
		A7FB34131A578ADA0016001C /* Sources */ = {
			isa = PBXSourcesBuildPhase;
			buildActionMask = 2147483647;
			files = (
				A7FB341E1A578ADA0016001C /* InterfaceExampleTests.swift in Sources */,
			);
			runOnlyForDeploymentPostprocessing = 0;
		};
/* End PBXSourcesBuildPhase section */

/* Begin PBXTargetDependency section */
		A7FB34191A578ADA0016001C /* PBXTargetDependency */ = {
			isa = PBXTargetDependency;
			target = A7FB34011A578AD90016001C /* InterfaceExample */;
			targetProxy = A7FB34181A578ADA0016001C /* PBXContainerItemProxy */;
		};
/* End PBXTargetDependency section */

/* Begin PBXVariantGroup section */
		A7FB340B1A578AD90016001C /* Main.storyboard */ = {
			isa = PBXVariantGroup;
			children = (
				A7FB340C1A578AD90016001C /* Base */,
			);
			name = Main.storyboard;
			sourceTree = "<group>";
		};
		A7FB34101A578AD90016001C /* LaunchScreen.xib */ = {
			isa = PBXVariantGroup;
			children = (
				A7FB34111A578AD90016001C /* Base */,
			);
			name = LaunchScreen.xib;
			sourceTree = "<group>";
		};
/* End PBXVariantGroup section */

/* Begin XCBuildConfiguration section */
		A7FB341F1A578ADA0016001C /* Debug */ = {
			isa = XCBuildConfiguration;
			buildSettings = {
				ALWAYS_SEARCH_USER_PATHS = NO;
				CLANG_CXX_LANGUAGE_STANDARD = "gnu++0x";
				CLANG_CXX_LIBRARY = "libc++";
				CLANG_ENABLE_MODULES = YES;
				CLANG_ENABLE_OBJC_ARC = YES;
				CLANG_WARN_BOOL_CONVERSION = YES;
				CLANG_WARN_CONSTANT_CONVERSION = YES;
				CLANG_WARN_DIRECT_OBJC_ISA_USAGE = YES_ERROR;
				CLANG_WARN_EMPTY_BODY = YES;
				CLANG_WARN_ENUM_CONVERSION = YES;
				CLANG_WARN_INT_CONVERSION = YES;
				CLANG_WARN_OBJC_ROOT_CLASS = YES_ERROR;
				CLANG_WARN_UNREACHABLE_CODE = YES;
				CLANG_WARN__DUPLICATE_METHOD_MATCH = YES;
				"CODE_SIGN_IDENTITY[sdk=iphoneos*]" = "iPhone Developer";
				COPY_PHASE_STRIP = NO;
				ENABLE_STRICT_OBJC_MSGSEND = YES;
				GCC_C_LANGUAGE_STANDARD = gnu99;
				GCC_DYNAMIC_NO_PIC = NO;
				GCC_OPTIMIZATION_LEVEL = 0;
				GCC_PREPROCESSOR_DEFINITIONS = (
					"DEBUG=1",
					"$(inherited)",
				);
				GCC_SYMBOLS_PRIVATE_EXTERN = NO;
				GCC_WARN_64_TO_32_BIT_CONVERSION = YES;
				GCC_WARN_ABOUT_RETURN_TYPE = YES_ERROR;
				GCC_WARN_UNDECLARED_SELECTOR = YES;
				GCC_WARN_UNINITIALIZED_AUTOS = YES_AGGRESSIVE;
				GCC_WARN_UNUSED_FUNCTION = YES;
				GCC_WARN_UNUSED_VARIABLE = YES;
				IPHONEOS_DEPLOYMENT_TARGET = 8.1;
				MTL_ENABLE_DEBUG_INFO = YES;
				ONLY_ACTIVE_ARCH = YES;
				SDKROOT = iphoneos;
				SWIFT_OPTIMIZATION_LEVEL = "-Onone";
			};
			name = Debug;
		};
		A7FB34201A578ADA0016001C /* Release */ = {
			isa = XCBuildConfiguration;
			buildSettings = {
				ALWAYS_SEARCH_USER_PATHS = NO;
				CLANG_CXX_LANGUAGE_STANDARD = "gnu++0x";
				CLANG_CXX_LIBRARY = "libc++";
				CLANG_ENABLE_MODULES = YES;
				CLANG_ENABLE_OBJC_ARC = YES;
				CLANG_WARN_BOOL_CONVERSION = YES;
				CLANG_WARN_CONSTANT_CONVERSION = YES;
				CLANG_WARN_DIRECT_OBJC_ISA_USAGE = YES_ERROR;
				CLANG_WARN_EMPTY_BODY = YES;
				CLANG_WARN_ENUM_CONVERSION = YES;
				CLANG_WARN_INT_CONVERSION = YES;
				CLANG_WARN_OBJC_ROOT_CLASS = YES_ERROR;
				CLANG_WARN_UNREACHABLE_CODE = YES;
				CLANG_WARN__DUPLICATE_METHOD_MATCH = YES;
				"CODE_SIGN_IDENTITY[sdk=iphoneos*]" = "iPhone Developer";
				COPY_PHASE_STRIP = YES;
				ENABLE_NS_ASSERTIONS = NO;
				ENABLE_STRICT_OBJC_MSGSEND = YES;
				GCC_C_LANGUAGE_STANDARD = gnu99;
				GCC_WARN_64_TO_32_BIT_CONVERSION = YES;
				GCC_WARN_ABOUT_RETURN_TYPE = YES_ERROR;
				GCC_WARN_UNDECLARED_SELECTOR = YES;
				GCC_WARN_UNINITIALIZED_AUTOS = YES_AGGRESSIVE;
				GCC_WARN_UNUSED_FUNCTION = YES;
				GCC_WARN_UNUSED_VARIABLE = YES;
				IPHONEOS_DEPLOYMENT_TARGET = 8.1;
				MTL_ENABLE_DEBUG_INFO = NO;
				SDKROOT = iphoneos;
				VALIDATE_PRODUCT = YES;
			};
			name = Release;
		};
		A7FB34221A578ADA0016001C /* Debug */ = {
			isa = XCBuildConfiguration;
			buildSettings = {
				ASSETCATALOG_COMPILER_APPICON_NAME = AppIcon;
				INFOPLIST_FILE = InterfaceExample/Info.plist;
				LD_RUNPATH_SEARCH_PATHS = "$(inherited) @executable_path/Frameworks";
				PRODUCT_NAME = "$(TARGET_NAME)";
			};
			name = Debug;
		};
		A7FB34231A578ADA0016001C /* Release */ = {
			isa = XCBuildConfiguration;
			buildSettings = {
				ASSETCATALOG_COMPILER_APPICON_NAME = AppIcon;
				INFOPLIST_FILE = InterfaceExample/Info.plist;
				LD_RUNPATH_SEARCH_PATHS = "$(inherited) @executable_path/Frameworks";
				PRODUCT_NAME = "$(TARGET_NAME)";
			};
			name = Release;
		};
		A7FB34251A578ADA0016001C /* Debug */ = {
			isa = XCBuildConfiguration;
			buildSettings = {
				BUNDLE_LOADER = "$(TEST_HOST)";
				FRAMEWORK_SEARCH_PATHS = (
					"$(SDKROOT)/Developer/Library/Frameworks",
					"$(inherited)",
				);
				GCC_PREPROCESSOR_DEFINITIONS = (
					"DEBUG=1",
					"$(inherited)",
				);
				INFOPLIST_FILE = InterfaceExampleTests/Info.plist;
				LD_RUNPATH_SEARCH_PATHS = "$(inherited) @executable_path/Frameworks @loader_path/Frameworks";
				PRODUCT_NAME = "$(TARGET_NAME)";
				TEST_HOST = "$(BUILT_PRODUCTS_DIR)/InterfaceExample.app/InterfaceExample";
			};
			name = Debug;
		};
		A7FB34261A578ADA0016001C /* Release */ = {
			isa = XCBuildConfiguration;
			buildSettings = {
				BUNDLE_LOADER = "$(TEST_HOST)";
				FRAMEWORK_SEARCH_PATHS = (
					"$(SDKROOT)/Developer/Library/Frameworks",
					"$(inherited)",
				);
				INFOPLIST_FILE = InterfaceExampleTests/Info.plist;
				LD_RUNPATH_SEARCH_PATHS = "$(inherited) @executable_path/Frameworks @loader_path/Frameworks";
				PRODUCT_NAME = "$(TARGET_NAME)";
				TEST_HOST = "$(BUILT_PRODUCTS_DIR)/InterfaceExample.app/InterfaceExample";
			};
			name = Release;
		};
/* End XCBuildConfiguration section */

/* Begin XCConfigurationList section */
		A7FB33FD1A578AD90016001C /* Build configuration list for PBXProject "InterfaceExample" */ = {
			isa = XCConfigurationList;
			buildConfigurations = (
				A7FB341F1A578ADA0016001C /* Debug */,
				A7FB34201A578ADA0016001C /* Release */,
			);
			defaultConfigurationIsVisible = 0;
			defaultConfigurationName = Release;
		};
		A7FB34211A578ADA0016001C /* Build configuration list for PBXNativeTarget "InterfaceExample" */ = {
			isa = XCConfigurationList;
			buildConfigurations = (
				A7FB34221A578ADA0016001C /* Debug */,
				A7FB34231A578ADA0016001C /* Release */,
			);
			defaultConfigurationIsVisible = 0;
		};
		A7FB34241A578ADA0016001C /* Build configuration list for PBXNativeTarget "InterfaceExampleTests" */ = {
			isa = XCConfigurationList;
			buildConfigurations = (
				A7FB34251A578ADA0016001C /* Debug */,
				A7FB34261A578ADA0016001C /* Release */,
			);
			defaultConfigurationIsVisible = 0;
		};
/* End XCConfigurationList section */
	};
	rootObject = A7FB33FA1A578AD90016001C /* Project object */;
}
